// !$*UTF8*$!
{
	archiveVersion = 1;
	classes = {
	};
	objectVersion = 50;
	objects = {

/* Begin PBXBuildFile section */
		314A81A4E08094CD046A9D14 /* Pods_Seven.framework in Frameworks */ = {isa = PBXBuildFile; fileRef = 5B7D2A1904D916D38C1973CC /* Pods_Seven.framework */; };
		9D7FD1E021793C9C00DF1C9A /* addPicture.png in Resources */ = {isa = PBXBuildFile; fileRef = 9D7FD1DF21793C9C00DF1C9A /* addPicture.png */; };
		9DA635782177BC0D00F74865 /* CreateProfileViewController.swift in Sources */ = {isa = PBXBuildFile; fileRef = 9DA635772177BC0D00F74865 /* CreateProfileViewController.swift */; };
		9DFEF245217546C20059B191 /* AppDelegate.swift in Sources */ = {isa = PBXBuildFile; fileRef = 9DFEF244217546C20059B191 /* AppDelegate.swift */; };
		9DFEF247217546C20059B191 /* ViewController.swift in Sources */ = {isa = PBXBuildFile; fileRef = 9DFEF246217546C20059B191 /* ViewController.swift */; };
		9DFEF24A217546C20059B191 /* Main.storyboard in Resources */ = {isa = PBXBuildFile; fileRef = 9DFEF248217546C20059B191 /* Main.storyboard */; };
		9DFEF24C217546C40059B191 /* Assets.xcassets in Resources */ = {isa = PBXBuildFile; fileRef = 9DFEF24B217546C40059B191 /* Assets.xcassets */; };
		9DFEF24F217546C40059B191 /* LaunchScreen.storyboard in Resources */ = {isa = PBXBuildFile; fileRef = 9DFEF24D217546C40059B191 /* LaunchScreen.storyboard */; };
		9DFEF25A217546C40059B191 /* SevenTests.swift in Sources */ = {isa = PBXBuildFile; fileRef = 9DFEF259217546C40059B191 /* SevenTests.swift */; };
		9DFEF265217546C40059B191 /* SevenUITests.swift in Sources */ = {isa = PBXBuildFile; fileRef = 9DFEF264217546C40059B191 /* SevenUITests.swift */; };
		9DFEF27521766E980059B191 /* GoogleService-Info.plist in Resources */ = {isa = PBXBuildFile; fileRef = 9DFEF27421766E980059B191 /* GoogleService-Info.plist */; };
/* End PBXBuildFile section */

/* Begin PBXContainerItemProxy section */
		9DFEF256217546C40059B191 /* PBXContainerItemProxy */ = {
			isa = PBXContainerItemProxy;
			containerPortal = 9DFEF239217546C20059B191 /* Project object */;
			proxyType = 1;
			remoteGlobalIDString = 9DFEF240217546C20059B191;
			remoteInfo = Seven;
		};
		9DFEF261217546C40059B191 /* PBXContainerItemProxy */ = {
			isa = PBXContainerItemProxy;
			containerPortal = 9DFEF239217546C20059B191 /* Project object */;
			proxyType = 1;
			remoteGlobalIDString = 9DFEF240217546C20059B191;
			remoteInfo = Seven;
		};
/* End PBXContainerItemProxy section */

/* Begin PBXFileReference section */
		16F03EAB388F2F0FC2963A69 /* Pods-Seven.release.xcconfig */ = {isa = PBXFileReference; includeInIndex = 1; lastKnownFileType = text.xcconfig; name = "Pods-Seven.release.xcconfig"; path = "Pods/Target Support Files/Pods-Seven/Pods-Seven.release.xcconfig"; sourceTree = "<group>"; };
		5B7D2A1904D916D38C1973CC /* Pods_Seven.framework */ = {isa = PBXFileReference; explicitFileType = wrapper.framework; includeInIndex = 0; path = Pods_Seven.framework; sourceTree = BUILT_PRODUCTS_DIR; };
		6AE81A69543D761361A86B73 /* Pods_SevenUITests.framework */ = {isa = PBXFileReference; explicitFileType = wrapper.framework; includeInIndex = 0; path = Pods_SevenUITests.framework; sourceTree = BUILT_PRODUCTS_DIR; };
		9D7FD1DF21793C9C00DF1C9A /* addPicture.png */ = {isa = PBXFileReference; lastKnownFileType = image.png; path = addPicture.png; sourceTree = "<group>"; };
		9DA635772177BC0D00F74865 /* CreateProfileViewController.swift */ = {isa = PBXFileReference; lastKnownFileType = sourcecode.swift; path = CreateProfileViewController.swift; sourceTree = "<group>"; };
		9DFEF241217546C20059B191 /* Seven.app */ = {isa = PBXFileReference; explicitFileType = wrapper.application; includeInIndex = 0; path = Seven.app; sourceTree = BUILT_PRODUCTS_DIR; };
		9DFEF244217546C20059B191 /* AppDelegate.swift */ = {isa = PBXFileReference; lastKnownFileType = sourcecode.swift; path = AppDelegate.swift; sourceTree = "<group>"; };
		9DFEF246217546C20059B191 /* ViewController.swift */ = {isa = PBXFileReference; lastKnownFileType = sourcecode.swift; path = ViewController.swift; sourceTree = "<group>"; };
		9DFEF249217546C20059B191 /* Base */ = {isa = PBXFileReference; lastKnownFileType = file.storyboard; name = Base; path = Base.lproj/Main.storyboard; sourceTree = "<group>"; };
		9DFEF24B217546C40059B191 /* Assets.xcassets */ = {isa = PBXFileReference; lastKnownFileType = folder.assetcatalog; path = Assets.xcassets; sourceTree = "<group>"; };
		9DFEF24E217546C40059B191 /* Base */ = {isa = PBXFileReference; lastKnownFileType = file.storyboard; name = Base; path = Base.lproj/LaunchScreen.storyboard; sourceTree = "<group>"; };
		9DFEF250217546C40059B191 /* Info.plist */ = {isa = PBXFileReference; lastKnownFileType = text.plist.xml; path = Info.plist; sourceTree = "<group>"; };
		9DFEF255217546C40059B191 /* SevenTests.xctest */ = {isa = PBXFileReference; explicitFileType = wrapper.cfbundle; includeInIndex = 0; path = SevenTests.xctest; sourceTree = BUILT_PRODUCTS_DIR; };
		9DFEF259217546C40059B191 /* SevenTests.swift */ = {isa = PBXFileReference; lastKnownFileType = sourcecode.swift; path = SevenTests.swift; sourceTree = "<group>"; };
		9DFEF25B217546C40059B191 /* Info.plist */ = {isa = PBXFileReference; lastKnownFileType = text.plist.xml; path = Info.plist; sourceTree = "<group>"; };
		9DFEF260217546C40059B191 /* SevenUITests.xctest */ = {isa = PBXFileReference; explicitFileType = wrapper.cfbundle; includeInIndex = 0; path = SevenUITests.xctest; sourceTree = BUILT_PRODUCTS_DIR; };
		9DFEF264217546C40059B191 /* SevenUITests.swift */ = {isa = PBXFileReference; lastKnownFileType = sourcecode.swift; path = SevenUITests.swift; sourceTree = "<group>"; };
		9DFEF266217546C40059B191 /* Info.plist */ = {isa = PBXFileReference; lastKnownFileType = text.plist.xml; path = Info.plist; sourceTree = "<group>"; };
		9DFEF27421766E980059B191 /* GoogleService-Info.plist */ = {isa = PBXFileReference; fileEncoding = 4; lastKnownFileType = text.plist.xml; path = "GoogleService-Info.plist"; sourceTree = "<group>"; };
		EA8D62401C4A590E2EC8A5F4 /* Pods-Seven.debug.xcconfig */ = {isa = PBXFileReference; includeInIndex = 1; lastKnownFileType = text.xcconfig; name = "Pods-Seven.debug.xcconfig"; path = "Pods/Target Support Files/Pods-Seven/Pods-Seven.debug.xcconfig"; sourceTree = "<group>"; };
		EE1C4AD70DAB156FAF1CE9A9 /* Pods_SevenTests.framework */ = {isa = PBXFileReference; explicitFileType = wrapper.framework; includeInIndex = 0; path = Pods_SevenTests.framework; sourceTree = BUILT_PRODUCTS_DIR; };
/* End PBXFileReference section */

/* Begin PBXFrameworksBuildPhase section */
		9DFEF23E217546C20059B191 /* Frameworks */ = {
			isa = PBXFrameworksBuildPhase;
			buildActionMask = 2147483647;
			files = (
				314A81A4E08094CD046A9D14 /* Pods_Seven.framework in Frameworks */,
			);
			runOnlyForDeploymentPostprocessing = 0;
		};
		9DFEF252217546C40059B191 /* Frameworks */ = {
			isa = PBXFrameworksBuildPhase;
			buildActionMask = 2147483647;
			files = (
			);
			runOnlyForDeploymentPostprocessing = 0;
		};
		9DFEF25D217546C40059B191 /* Frameworks */ = {
			isa = PBXFrameworksBuildPhase;
			buildActionMask = 2147483647;
			files = (
			);
			runOnlyForDeploymentPostprocessing = 0;
		};
/* End PBXFrameworksBuildPhase section */

/* Begin PBXGroup section */
		5DA555BF28C94A6D471AEA4E /* Pods */ = {
			isa = PBXGroup;
			children = (
				EA8D62401C4A590E2EC8A5F4 /* Pods-Seven.debug.xcconfig */,
				16F03EAB388F2F0FC2963A69 /* Pods-Seven.release.xcconfig */,
			);
			name = Pods;
			sourceTree = "<group>";
		};
		6EA0109DBA5A346B66466957 /* Frameworks */ = {
			isa = PBXGroup;
			children = (
				5B7D2A1904D916D38C1973CC /* Pods_Seven.framework */,
				EE1C4AD70DAB156FAF1CE9A9 /* Pods_SevenTests.framework */,
				6AE81A69543D761361A86B73 /* Pods_SevenUITests.framework */,
			);
			name = Frameworks;
			sourceTree = "<group>";
		};
		9DFEF238217546C20059B191 = {
			isa = PBXGroup;
			children = (
				9DFEF243217546C20059B191 /* Seven */,
				9DFEF258217546C40059B191 /* SevenTests */,
				9DFEF263217546C40059B191 /* SevenUITests */,
				9DFEF242217546C20059B191 /* Products */,
				5DA555BF28C94A6D471AEA4E /* Pods */,
				6EA0109DBA5A346B66466957 /* Frameworks */,
			);
			sourceTree = "<group>";
		};
		9DFEF242217546C20059B191 /* Products */ = {
			isa = PBXGroup;
			children = (
				9DFEF241217546C20059B191 /* Seven.app */,
				9DFEF255217546C40059B191 /* SevenTests.xctest */,
				9DFEF260217546C40059B191 /* SevenUITests.xctest */,
			);
			name = Products;
			sourceTree = "<group>";
		};
		9DFEF243217546C20059B191 /* Seven */ = {
			isa = PBXGroup;
			children = (
				9DFEF244217546C20059B191 /* AppDelegate.swift */,
				9DFEF246217546C20059B191 /* ViewController.swift */,
				9DA635772177BC0D00F74865 /* CreateProfileViewController.swift */,
				9DFEF248217546C20059B191 /* Main.storyboard */,
				9DFEF24B217546C40059B191 /* Assets.xcassets */,
				9DFEF24D217546C40059B191 /* LaunchScreen.storyboard */,
				9DFEF250217546C40059B191 /* Info.plist */,
				9DFEF27421766E980059B191 /* GoogleService-Info.plist */,
				9D7FD1DF21793C9C00DF1C9A /* addPicture.png */,
			);
			path = Seven;
			sourceTree = "<group>";
		};
		9DFEF258217546C40059B191 /* SevenTests */ = {
			isa = PBXGroup;
			children = (
				9DFEF259217546C40059B191 /* SevenTests.swift */,
				9DFEF25B217546C40059B191 /* Info.plist */,
			);
			path = SevenTests;
			sourceTree = "<group>";
		};
		9DFEF263217546C40059B191 /* SevenUITests */ = {
			isa = PBXGroup;
			children = (
				9DFEF264217546C40059B191 /* SevenUITests.swift */,
				9DFEF266217546C40059B191 /* Info.plist */,
			);
			path = SevenUITests;
			sourceTree = "<group>";
		};
/* End PBXGroup section */

/* Begin PBXNativeTarget section */
		9DFEF240217546C20059B191 /* Seven */ = {
			isa = PBXNativeTarget;
			buildConfigurationList = 9DFEF269217546C40059B191 /* Build configuration list for PBXNativeTarget "Seven" */;
			buildPhases = (
				9A6300BEA29F3C2216548954 /* [CP] Check Pods Manifest.lock */,
				9DFEF23D217546C20059B191 /* Sources */,
				9DFEF23E217546C20059B191 /* Frameworks */,
				9DFEF23F217546C20059B191 /* Resources */,
				AE30ED967163D8A3ED08E7DC /* [CP] Embed Pods Frameworks */,
				A014F091E7E233B1369D93E2 /* [CP] Copy Pods Resources */,
			);
			buildRules = (
			);
			dependencies = (
			);
			name = Seven;
			productName = Seven;
			productReference = 9DFEF241217546C20059B191 /* Seven.app */;
			productType = "com.apple.product-type.application";
		};
		9DFEF254217546C40059B191 /* SevenTests */ = {
			isa = PBXNativeTarget;
			buildConfigurationList = 9DFEF26C217546C40059B191 /* Build configuration list for PBXNativeTarget "SevenTests" */;
			buildPhases = (
				9DFEF251217546C40059B191 /* Sources */,
				9DFEF252217546C40059B191 /* Frameworks */,
				9DFEF253217546C40059B191 /* Resources */,
			);
			buildRules = (
			);
			dependencies = (
				9DFEF257217546C40059B191 /* PBXTargetDependency */,
			);
			name = SevenTests;
			productName = SevenTests;
			productReference = 9DFEF255217546C40059B191 /* SevenTests.xctest */;
			productType = "com.apple.product-type.bundle.unit-test";
		};
		9DFEF25F217546C40059B191 /* SevenUITests */ = {
			isa = PBXNativeTarget;
			buildConfigurationList = 9DFEF26F217546C40059B191 /* Build configuration list for PBXNativeTarget "SevenUITests" */;
			buildPhases = (
				9DFEF25C217546C40059B191 /* Sources */,
				9DFEF25D217546C40059B191 /* Frameworks */,
				9DFEF25E217546C40059B191 /* Resources */,
			);
			buildRules = (
			);
			dependencies = (
				9DFEF262217546C40059B191 /* PBXTargetDependency */,
			);
			name = SevenUITests;
			productName = SevenUITests;
			productReference = 9DFEF260217546C40059B191 /* SevenUITests.xctest */;
			productType = "com.apple.product-type.bundle.ui-testing";
		};
/* End PBXNativeTarget section */

/* Begin PBXProject section */
		9DFEF239217546C20059B191 /* Project object */ = {
			isa = PBXProject;
			attributes = {
				LastSwiftUpdateCheck = 1000;
				LastUpgradeCheck = 1000;
				ORGANIZATIONNAME = "Ruhsane Sawut";
				TargetAttributes = {
					9DFEF240217546C20059B191 = {
						CreatedOnToolsVersion = 10.0;
					};
					9DFEF254217546C40059B191 = {
						CreatedOnToolsVersion = 10.0;
						TestTargetID = 9DFEF240217546C20059B191;
					};
					9DFEF25F217546C40059B191 = {
						CreatedOnToolsVersion = 10.0;
						TestTargetID = 9DFEF240217546C20059B191;
					};
				};
			};
			buildConfigurationList = 9DFEF23C217546C20059B191 /* Build configuration list for PBXProject "Seven" */;
			compatibilityVersion = "Xcode 9.3";
			developmentRegion = en;
			hasScannedForEncodings = 0;
			knownRegions = (
				en,
				Base,
			);
			mainGroup = 9DFEF238217546C20059B191;
			productRefGroup = 9DFEF242217546C20059B191 /* Products */;
			projectDirPath = "";
			projectRoot = "";
			targets = (
				9DFEF240217546C20059B191 /* Seven */,
				9DFEF254217546C40059B191 /* SevenTests */,
				9DFEF25F217546C40059B191 /* SevenUITests */,
			);
		};
/* End PBXProject section */

/* Begin PBXResourcesBuildPhase section */
		9DFEF23F217546C20059B191 /* Resources */ = {
			isa = PBXResourcesBuildPhase;
			buildActionMask = 2147483647;
			files = (
				9DFEF24F217546C40059B191 /* LaunchScreen.storyboard in Resources */,
				9DFEF27521766E980059B191 /* GoogleService-Info.plist in Resources */,
				9D7FD1E021793C9C00DF1C9A /* addPicture.png in Resources */,
				9DFEF24C217546C40059B191 /* Assets.xcassets in Resources */,
				9DFEF24A217546C20059B191 /* Main.storyboard in Resources */,
			);
			runOnlyForDeploymentPostprocessing = 0;
		};
		9DFEF253217546C40059B191 /* Resources */ = {
			isa = PBXResourcesBuildPhase;
			buildActionMask = 2147483647;
			files = (
			);
			runOnlyForDeploymentPostprocessing = 0;
		};
		9DFEF25E217546C40059B191 /* Resources */ = {
			isa = PBXResourcesBuildPhase;
			buildActionMask = 2147483647;
			files = (
			);
			runOnlyForDeploymentPostprocessing = 0;
		};
/* End PBXResourcesBuildPhase section */

/* Begin PBXShellScriptBuildPhase section */
		9A6300BEA29F3C2216548954 /* [CP] Check Pods Manifest.lock */ = {
			isa = PBXShellScriptBuildPhase;
			buildActionMask = 2147483647;
			files = (
			);
			inputPaths = (
				"${PODS_PODFILE_DIR_PATH}/Podfile.lock",
				"${PODS_ROOT}/Manifest.lock",
			);
			name = "[CP] Check Pods Manifest.lock";
			outputPaths = (
				"$(DERIVED_FILE_DIR)/Pods-Seven-checkManifestLockResult.txt",
			);
			runOnlyForDeploymentPostprocessing = 0;
			shellPath = /bin/sh;
			shellScript = "diff \"${PODS_PODFILE_DIR_PATH}/Podfile.lock\" \"${PODS_ROOT}/Manifest.lock\" > /dev/null\nif [ $? != 0 ] ; then\n    # print error to STDERR\n    echo \"error: The sandbox is not in sync with the Podfile.lock. Run 'pod install' or update your CocoaPods installation.\" >&2\n    exit 1\nfi\n# This output is used by Xcode 'outputs' to avoid re-running this script phase.\necho \"SUCCESS\" > \"${SCRIPT_OUTPUT_FILE_0}\"\n";
			showEnvVarsInLog = 0;
		};
		A014F091E7E233B1369D93E2 /* [CP] Copy Pods Resources */ = {
			isa = PBXShellScriptBuildPhase;
			buildActionMask = 2147483647;
			files = (
			);
			inputPaths = (
				"${SRCROOT}/Pods/Target Support Files/Pods-Seven/Pods-Seven-resources.sh",
				"${PODS_ROOT}/GoogleSignIn/Resources/GoogleSignIn.bundle",
			);
			name = "[CP] Copy Pods Resources";
			outputPaths = (
				"${TARGET_BUILD_DIR}/${UNLOCALIZED_RESOURCES_FOLDER_PATH}/GoogleSignIn.bundle",
			);
			runOnlyForDeploymentPostprocessing = 0;
			shellPath = /bin/sh;
			shellScript = "\"${SRCROOT}/Pods/Target Support Files/Pods-Seven/Pods-Seven-resources.sh\"\n";
			showEnvVarsInLog = 0;
		};
		AE30ED967163D8A3ED08E7DC /* [CP] Embed Pods Frameworks */ = {
			isa = PBXShellScriptBuildPhase;
			buildActionMask = 2147483647;
			files = (
			);
			inputPaths = (
				"${SRCROOT}/Pods/Target Support Files/Pods-Seven/Pods-Seven-frameworks.sh",
				"${BUILT_PRODUCTS_DIR}/GTMOAuth2/GTMOAuth2.framework",
				"${BUILT_PRODUCTS_DIR}/GTMSessionFetcher/GTMSessionFetcher.framework",
				"${BUILT_PRODUCTS_DIR}/GoogleToolboxForMac/GoogleToolboxForMac.framework",
				"${BUILT_PRODUCTS_DIR}/GoogleUtilities/GoogleUtilities.framework",
				"${BUILT_PRODUCTS_DIR}/leveldb-library/leveldb.framework",
				"${BUILT_PRODUCTS_DIR}/nanopb/nanopb.framework",
			);
			name = "[CP] Embed Pods Frameworks";
			outputPaths = (
				"${TARGET_BUILD_DIR}/${FRAMEWORKS_FOLDER_PATH}/GTMOAuth2.framework",
				"${TARGET_BUILD_DIR}/${FRAMEWORKS_FOLDER_PATH}/GTMSessionFetcher.framework",
				"${TARGET_BUILD_DIR}/${FRAMEWORKS_FOLDER_PATH}/GoogleToolboxForMac.framework",
				"${TARGET_BUILD_DIR}/${FRAMEWORKS_FOLDER_PATH}/GoogleUtilities.framework",
				"${TARGET_BUILD_DIR}/${FRAMEWORKS_FOLDER_PATH}/leveldb.framework",
				"${TARGET_BUILD_DIR}/${FRAMEWORKS_FOLDER_PATH}/nanopb.framework",
			);
			runOnlyForDeploymentPostprocessing = 0;
			shellPath = /bin/sh;
			shellScript = "\"${SRCROOT}/Pods/Target Support Files/Pods-Seven/Pods-Seven-frameworks.sh\"\n";
			showEnvVarsInLog = 0;
		};
/* End PBXShellScriptBuildPhase section */

/* Begin PBXSourcesBuildPhase section */
		9DFEF23D217546C20059B191 /* Sources */ = {
			isa = PBXSourcesBuildPhase;
			buildActionMask = 2147483647;
			files = (
				9DA635782177BC0D00F74865 /* CreateProfileViewController.swift in Sources */,
				9DFEF247217546C20059B191 /* ViewController.swift in Sources */,
				9DFEF245217546C20059B191 /* AppDelegate.swift in Sources */,
			);
			runOnlyForDeploymentPostprocessing = 0;
		};
		9DFEF251217546C40059B191 /* Sources */ = {
			isa = PBXSourcesBuildPhase;
			buildActionMask = 2147483647;
			files = (
				9DFEF25A217546C40059B191 /* SevenTests.swift in Sources */,
			);
			runOnlyForDeploymentPostprocessing = 0;
		};
		9DFEF25C217546C40059B191 /* Sources */ = {
			isa = PBXSourcesBuildPhase;
			buildActionMask = 2147483647;
			files = (
				9DFEF265217546C40059B191 /* SevenUITests.swift in Sources */,
			);
			runOnlyForDeploymentPostprocessing = 0;
		};
/* End PBXSourcesBuildPhase section */

/* Begin PBXTargetDependency section */
		9DFEF257217546C40059B191 /* PBXTargetDependency */ = {
			isa = PBXTargetDependency;
			target = 9DFEF240217546C20059B191 /* Seven */;
			targetProxy = 9DFEF256217546C40059B191 /* PBXContainerItemProxy */;
		};
		9DFEF262217546C40059B191 /* PBXTargetDependency */ = {
			isa = PBXTargetDependency;
			target = 9DFEF240217546C20059B191 /* Seven */;
			targetProxy = 9DFEF261217546C40059B191 /* PBXContainerItemProxy */;
		};
/* End PBXTargetDependency section */

/* Begin PBXVariantGroup section */
		9DFEF248217546C20059B191 /* Main.storyboard */ = {
			isa = PBXVariantGroup;
			children = (
				9DFEF249217546C20059B191 /* Base */,
			);
			name = Main.storyboard;
			sourceTree = "<group>";
		};
		9DFEF24D217546C40059B191 /* LaunchScreen.storyboard */ = {
			isa = PBXVariantGroup;
			children = (
				9DFEF24E217546C40059B191 /* Base */,
			);
			name = LaunchScreen.storyboard;
			sourceTree = "<group>";
		};
/* End PBXVariantGroup section */

/* Begin XCBuildConfiguration section */
		9DFEF267217546C40059B191 /* Debug */ = {
			isa = XCBuildConfiguration;
			buildSettings = {
				ALWAYS_SEARCH_USER_PATHS = NO;
				CLANG_ANALYZER_NONNULL = YES;
				CLANG_ANALYZER_NUMBER_OBJECT_CONVERSION = YES_AGGRESSIVE;
				CLANG_CXX_LANGUAGE_STANDARD = "gnu++14";
				CLANG_CXX_LIBRARY = "libc++";
				CLANG_ENABLE_MODULES = YES;
				CLANG_ENABLE_OBJC_ARC = YES;
				CLANG_ENABLE_OBJC_WEAK = YES;
				CLANG_WARN_BLOCK_CAPTURE_AUTORELEASING = YES;
				CLANG_WARN_BOOL_CONVERSION = YES;
				CLANG_WARN_COMMA = YES;
				CLANG_WARN_CONSTANT_CONVERSION = YES;
				CLANG_WARN_DEPRECATED_OBJC_IMPLEMENTATIONS = YES;
				CLANG_WARN_DIRECT_OBJC_ISA_USAGE = YES_ERROR;
				CLANG_WARN_DOCUMENTATION_COMMENTS = YES;
				CLANG_WARN_EMPTY_BODY = YES;
				CLANG_WARN_ENUM_CONVERSION = YES;
				CLANG_WARN_INFINITE_RECURSION = YES;
				CLANG_WARN_INT_CONVERSION = YES;
				CLANG_WARN_NON_LITERAL_NULL_CONVERSION = YES;
				CLANG_WARN_OBJC_IMPLICIT_RETAIN_SELF = YES;
				CLANG_WARN_OBJC_LITERAL_CONVERSION = YES;
				CLANG_WARN_OBJC_ROOT_CLASS = YES_ERROR;
				CLANG_WARN_RANGE_LOOP_ANALYSIS = YES;
				CLANG_WARN_STRICT_PROTOTYPES = YES;
				CLANG_WARN_SUSPICIOUS_MOVE = YES;
				CLANG_WARN_UNGUARDED_AVAILABILITY = YES_AGGRESSIVE;
				CLANG_WARN_UNREACHABLE_CODE = YES;
				CLANG_WARN__DUPLICATE_METHOD_MATCH = YES;
				CODE_SIGN_IDENTITY = "iPhone Developer";
				COPY_PHASE_STRIP = NO;
				DEBUG_INFORMATION_FORMAT = dwarf;
				ENABLE_STRICT_OBJC_MSGSEND = YES;
				ENABLE_TESTABILITY = YES;
				GCC_C_LANGUAGE_STANDARD = gnu11;
				GCC_DYNAMIC_NO_PIC = NO;
				GCC_NO_COMMON_BLOCKS = YES;
				GCC_OPTIMIZATION_LEVEL = 0;
				GCC_PREPROCESSOR_DEFINITIONS = (
					"DEBUG=1",
					"$(inherited)",
				);
				GCC_WARN_64_TO_32_BIT_CONVERSION = YES;
				GCC_WARN_ABOUT_RETURN_TYPE = YES_ERROR;
				GCC_WARN_UNDECLARED_SELECTOR = YES;
				GCC_WARN_UNINITIALIZED_AUTOS = YES_AGGRESSIVE;
				GCC_WARN_UNUSED_FUNCTION = YES;
				GCC_WARN_UNUSED_VARIABLE = YES;
				IPHONEOS_DEPLOYMENT_TARGET = 12.0;
				MTL_ENABLE_DEBUG_INFO = INCLUDE_SOURCE;
				MTL_FAST_MATH = YES;
				ONLY_ACTIVE_ARCH = YES;
				SDKROOT = iphoneos;
				SWIFT_ACTIVE_COMPILATION_CONDITIONS = DEBUG;
				SWIFT_OPTIMIZATION_LEVEL = "-Onone";
			};
			name = Debug;
		};
		9DFEF268217546C40059B191 /* Release */ = {
			isa = XCBuildConfiguration;
			buildSettings = {
				ALWAYS_SEARCH_USER_PATHS = NO;
				CLANG_ANALYZER_NONNULL = YES;
				CLANG_ANALYZER_NUMBER_OBJECT_CONVERSION = YES_AGGRESSIVE;
				CLANG_CXX_LANGUAGE_STANDARD = "gnu++14";
				CLANG_CXX_LIBRARY = "libc++";
				CLANG_ENABLE_MODULES = YES;
				CLANG_ENABLE_OBJC_ARC = YES;
				CLANG_ENABLE_OBJC_WEAK = YES;
				CLANG_WARN_BLOCK_CAPTURE_AUTORELEASING = YES;
				CLANG_WARN_BOOL_CONVERSION = YES;
				CLANG_WARN_COMMA = YES;
				CLANG_WARN_CONSTANT_CONVERSION = YES;
				CLANG_WARN_DEPRECATED_OBJC_IMPLEMENTATIONS = YES;
				CLANG_WARN_DIRECT_OBJC_ISA_USAGE = YES_ERROR;
				CLANG_WARN_DOCUMENTATION_COMMENTS = YES;
				CLANG_WARN_EMPTY_BODY = YES;
				CLANG_WARN_ENUM_CONVERSION = YES;
				CLANG_WARN_INFINITE_RECURSION = YES;
				CLANG_WARN_INT_CONVERSION = YES;
				CLANG_WARN_NON_LITERAL_NULL_CONVERSION = YES;
				CLANG_WARN_OBJC_IMPLICIT_RETAIN_SELF = YES;
				CLANG_WARN_OBJC_LITERAL_CONVERSION = YES;
				CLANG_WARN_OBJC_ROOT_CLASS = YES_ERROR;
				CLANG_WARN_RANGE_LOOP_ANALYSIS = YES;
				CLANG_WARN_STRICT_PROTOTYPES = YES;
				CLANG_WARN_SUSPICIOUS_MOVE = YES;
				CLANG_WARN_UNGUARDED_AVAILABILITY = YES_AGGRESSIVE;
				CLANG_WARN_UNREACHABLE_CODE = YES;
				CLANG_WARN__DUPLICATE_METHOD_MATCH = YES;
				CODE_SIGN_IDENTITY = "iPhone Developer";
				COPY_PHASE_STRIP = NO;
				DEBUG_INFORMATION_FORMAT = "dwarf-with-dsym";
				ENABLE_NS_ASSERTIONS = NO;
				ENABLE_STRICT_OBJC_MSGSEND = YES;
				GCC_C_LANGUAGE_STANDARD = gnu11;
				GCC_NO_COMMON_BLOCKS = YES;
				GCC_WARN_64_TO_32_BIT_CONVERSION = YES;
				GCC_WARN_ABOUT_RETURN_TYPE = YES_ERROR;
				GCC_WARN_UNDECLARED_SELECTOR = YES;
				GCC_WARN_UNINITIALIZED_AUTOS = YES_AGGRESSIVE;
				GCC_WARN_UNUSED_FUNCTION = YES;
				GCC_WARN_UNUSED_VARIABLE = YES;
				IPHONEOS_DEPLOYMENT_TARGET = 12.0;
				MTL_ENABLE_DEBUG_INFO = NO;
				MTL_FAST_MATH = YES;
				SDKROOT = iphoneos;
				SWIFT_COMPILATION_MODE = wholemodule;
				SWIFT_OPTIMIZATION_LEVEL = "-O";
				VALIDATE_PRODUCT = YES;
			};
			name = Release;
		};
		9DFEF26A217546C40059B191 /* Debug */ = {
			isa = XCBuildConfiguration;
			baseConfigurationReference = EA8D62401C4A590E2EC8A5F4 /* Pods-Seven.debug.xcconfig */;
			buildSettings = {
				ASSETCATALOG_COMPILER_APPICON_NAME = AppIcon;
				CODE_SIGN_STYLE = Automatic;
				DEVELOPMENT_TEAM = P32V53W8H7;
				INFOPLIST_FILE = Seven/Info.plist;
				LD_RUNPATH_SEARCH_PATHS = (
					"$(inherited)",
					"@executable_path/Frameworks",
				);
				PRODUCT_BUNDLE_IDENTIFIER = com.ruhsane.Seven;
				PRODUCT_NAME = "$(TARGET_NAME)";
				SWIFT_VERSION = 4.2;
				TARGETED_DEVICE_FAMILY = "1,2";
			};
			name = Debug;
		};
		9DFEF26B217546C40059B191 /* Release */ = {
			isa = XCBuildConfiguration;
			baseConfigurationReference = 16F03EAB388F2F0FC2963A69 /* Pods-Seven.release.xcconfig */;
			buildSettings = {
				ASSETCATALOG_COMPILER_APPICON_NAME = AppIcon;
				CODE_SIGN_STYLE = Automatic;
				DEVELOPMENT_TEAM = P32V53W8H7;
				INFOPLIST_FILE = Seven/Info.plist;
				LD_RUNPATH_SEARCH_PATHS = (
					"$(inherited)",
					"@executable_path/Frameworks",
				);
				PRODUCT_BUNDLE_IDENTIFIER = com.ruhsane.Seven;
				PRODUCT_NAME = "$(TARGET_NAME)";
				SWIFT_VERSION = 4.2;
				TARGETED_DEVICE_FAMILY = "1,2";
			};
			name = Release;
		};
		9DFEF26D217546C40059B191 /* Debug */ = {
			isa = XCBuildConfiguration;
			buildSettings = {
				ALWAYS_EMBED_SWIFT_STANDARD_LIBRARIES = YES;
				BUNDLE_LOADER = "$(TEST_HOST)";
				CODE_SIGN_STYLE = Automatic;
				DEVELOPMENT_TEAM = P32V53W8H7;
				INFOPLIST_FILE = SevenTests/Info.plist;
				LD_RUNPATH_SEARCH_PATHS = (
					"$(inherited)",
					"@executable_path/Frameworks",
					"@loader_path/Frameworks",
				);
				PRODUCT_BUNDLE_IDENTIFIER = com.ruhsane.SevenTests;
				PRODUCT_NAME = "$(TARGET_NAME)";
				SWIFT_VERSION = 4.2;
				TARGETED_DEVICE_FAMILY = "1,2";
				TEST_HOST = "$(BUILT_PRODUCTS_DIR)/Seven.app/Seven";
			};
			name = Debug;
		};
		9DFEF26E217546C40059B191 /* Release */ = {
			isa = XCBuildConfiguration;
			buildSettings = {
				ALWAYS_EMBED_SWIFT_STANDARD_LIBRARIES = YES;
				BUNDLE_LOADER = "$(TEST_HOST)";
				CODE_SIGN_STYLE = Automatic;
				DEVELOPMENT_TEAM = P32V53W8H7;
				INFOPLIST_FILE = SevenTests/Info.plist;
				LD_RUNPATH_SEARCH_PATHS = (
					"$(inherited)",
					"@executable_path/Frameworks",
					"@loader_path/Frameworks",
				);
				PRODUCT_BUNDLE_IDENTIFIER = com.ruhsane.SevenTests;
				PRODUCT_NAME = "$(TARGET_NAME)";
				SWIFT_VERSION = 4.2;
				TARGETED_DEVICE_FAMILY = "1,2";
				TEST_HOST = "$(BUILT_PRODUCTS_DIR)/Seven.app/Seven";
			};
			name = Release;
		};
		9DFEF270217546C40059B191 /* Debug */ = {
			isa = XCBuildConfiguration;
			buildSettings = {
				ALWAYS_EMBED_SWIFT_STANDARD_LIBRARIES = YES;
				CODE_SIGN_STYLE = Automatic;
				DEVELOPMENT_TEAM = P32V53W8H7;
				INFOPLIST_FILE = SevenUITests/Info.plist;
				LD_RUNPATH_SEARCH_PATHS = (
					"$(inherited)",
					"@executable_path/Frameworks",
					"@loader_path/Frameworks",
				);
				PRODUCT_BUNDLE_IDENTIFIER = com.ruhsane.SevenUITests;
				PRODUCT_NAME = "$(TARGET_NAME)";
				SWIFT_VERSION = 4.2;
				TARGETED_DEVICE_FAMILY = "1,2";
				TEST_TARGET_NAME = Seven;
			};
			name = Debug;
		};
		9DFEF271217546C40059B191 /* Release */ = {
			isa = XCBuildConfiguration;
			buildSettings = {
				ALWAYS_EMBED_SWIFT_STANDARD_LIBRARIES = YES;
				CODE_SIGN_STYLE = Automatic;
				DEVELOPMENT_TEAM = P32V53W8H7;
				INFOPLIST_FILE = SevenUITests/Info.plist;
				LD_RUNPATH_SEARCH_PATHS = (
					"$(inherited)",
					"@executable_path/Frameworks",
					"@loader_path/Frameworks",
				);
				PRODUCT_BUNDLE_IDENTIFIER = com.ruhsane.SevenUITests;
				PRODUCT_NAME = "$(TARGET_NAME)";
				SWIFT_VERSION = 4.2;
				TARGETED_DEVICE_FAMILY = "1,2";
				TEST_TARGET_NAME = Seven;
			};
			name = Release;
		};
/* End XCBuildConfiguration section */

/* Begin XCConfigurationList section */
		9DFEF23C217546C20059B191 /* Build configuration list for PBXProject "Seven" */ = {
			isa = XCConfigurationList;
			buildConfigurations = (
				9DFEF267217546C40059B191 /* Debug */,
				9DFEF268217546C40059B191 /* Release */,
			);
			defaultConfigurationIsVisible = 0;
			defaultConfigurationName = Release;
		};
		9DFEF269217546C40059B191 /* Build configuration list for PBXNativeTarget "Seven" */ = {
			isa = XCConfigurationList;
			buildConfigurations = (
				9DFEF26A217546C40059B191 /* Debug */,
				9DFEF26B217546C40059B191 /* Release */,
			);
			defaultConfigurationIsVisible = 0;
			defaultConfigurationName = Release;
		};
		9DFEF26C217546C40059B191 /* Build configuration list for PBXNativeTarget "SevenTests" */ = {
			isa = XCConfigurationList;
			buildConfigurations = (
				9DFEF26D217546C40059B191 /* Debug */,
				9DFEF26E217546C40059B191 /* Release */,
			);
			defaultConfigurationIsVisible = 0;
			defaultConfigurationName = Release;
		};
		9DFEF26F217546C40059B191 /* Build configuration list for PBXNativeTarget "SevenUITests" */ = {
			isa = XCConfigurationList;
			buildConfigurations = (
				9DFEF270217546C40059B191 /* Debug */,
				9DFEF271217546C40059B191 /* Release */,
			);
			defaultConfigurationIsVisible = 0;
			defaultConfigurationName = Release;
		};
/* End XCConfigurationList section */
	};
	rootObject = 9DFEF239217546C20059B191 /* Project object */;
}
